// !$*UTF8*$!
{
	archiveVersion = 1;
	classes = {
	};
	objectVersion = 46;
	objects = {

/* Begin PBXBuildFile section */
		3C45960F228ACC4100529D02 /* OptimizedPydnet.mlmodel in Sources */ = {isa = PBXBuildFile; fileRef = 3C45960E228ACC4100529D02 /* OptimizedPydnet.mlmodel */; };
		3C5C90332299A75800C2E814 /* DepthToColorMap.metal in Sources */ = {isa = PBXBuildFile; fileRef = 3C5C90322299A75800C2E814 /* DepthToColorMap.metal */; };
		3C8EDBA422A0FA0700B73004 /* NeuralNetworkFromNetViewController.swift in Sources */ = {isa = PBXBuildFile; fileRef = 3C8EDBA322A0FA0700B73004 /* NeuralNetworkFromNetViewController.swift */; };
		3CC9262322991C22001C75CE /* DepthToColorMapConverter.swift in Sources */ = {isa = PBXBuildFile; fileRef = 3CC9262222991C22001C75CE /* DepthToColorMapConverter.swift */; };
		3CC9262522991C3A001C75CE /* FilterRenderer.swift in Sources */ = {isa = PBXBuildFile; fileRef = 3CC9262422991C3A001C75CE /* FilterRenderer.swift */; };
		3CF5D32F229FFBC50028FCD9 /* PhotoCaptureDelegate.swift in Sources */ = {isa = PBXBuildFile; fileRef = 3CF5D32E229FFBC50028FCD9 /* PhotoCaptureDelegate.swift */; };
		3CF5D331229FFBE20028FCD9 /* CVPixelBuffer+clamp.swift in Sources */ = {isa = PBXBuildFile; fileRef = 3CF5D330229FFBE20028FCD9 /* CVPixelBuffer+clamp.swift */; };
		3CF695AC229FBD3800E4115E /* NeuralNetwork.swift in Sources */ = {isa = PBXBuildFile; fileRef = 3CF695AB229FBD3800E4115E /* NeuralNetwork.swift */; };
		3CF695AE229FBD5C00E4115E /* StereoNeuralNetwork.swift in Sources */ = {isa = PBXBuildFile; fileRef = 3CF695AD229FBD5C00E4115E /* StereoNeuralNetwork.swift */; };
		3CF695B1229FBD7400E4115E /* MonoNeuralNetwork.swift in Sources */ = {isa = PBXBuildFile; fileRef = 3CF695B0229FBD7400E4115E /* MonoNeuralNetwork.swift */; };
		3CF695B5229FBED800E4115E /* Pydnet.swift in Sources */ = {isa = PBXBuildFile; fileRef = 3CF695B4229FBED800E4115E /* Pydnet.swift */; };
		3CF695B7229FC38300E4115E /* NeuralNetworks.swift in Sources */ = {isa = PBXBuildFile; fileRef = 3CF695B6229FC38300E4115E /* NeuralNetworks.swift */; };
		3CF695BF229FC54F00E4115E /* NeuralNetworkPickerViewController.swift in Sources */ = {isa = PBXBuildFile; fileRef = 3CF695BE229FC54F00E4115E /* NeuralNetworkPickerViewController.swift */; };
		7AA677151CFF765600B353FB /* AppDelegate.swift in Sources */ = {isa = PBXBuildFile; fileRef = 7AA677141CFF765600B353FB /* AppDelegate.swift */; };
		7AA677171CFF765600B353FB /* CameraViewController.swift in Sources */ = {isa = PBXBuildFile; fileRef = 7AA677161CFF765600B353FB /* CameraViewController.swift */; };
		7AA6771A1CFF765600B353FB /* Main.storyboard in Resources */ = {isa = PBXBuildFile; fileRef = 7AA677181CFF765600B353FB /* Main.storyboard */; };
		7AA6771C1CFF765600B353FB /* Assets.xcassets in Resources */ = {isa = PBXBuildFile; fileRef = 7AA6771B1CFF765600B353FB /* Assets.xcassets */; };
		7AA6771F1CFF765600B353FB /* LaunchScreen.storyboard in Resources */ = {isa = PBXBuildFile; fileRef = 7AA6771D1CFF765600B353FB /* LaunchScreen.storyboard */; };
/* End PBXBuildFile section */

/* Begin PBXFileReference section */
		3C45960E228ACC4100529D02 /* OptimizedPydnet.mlmodel */ = {isa = PBXFileReference; lastKnownFileType = file.mlmodel; name = OptimizedPydnet.mlmodel; path = AppML/NeuralNetworks/Pydnet/OptimizedPydnet.mlmodel; sourceTree = SOURCE_ROOT; };
		3C5C90322299A75800C2E814 /* DepthToColorMap.metal */ = {isa = PBXFileReference; fileEncoding = 4; lastKnownFileType = sourcecode.metal; path = DepthToColorMap.metal; sourceTree = "<group>"; };
		3C8EDBA322A0FA0700B73004 /* NeuralNetworkFromNetViewController.swift */ = {isa = PBXFileReference; lastKnownFileType = sourcecode.swift; path = NeuralNetworkFromNetViewController.swift; sourceTree = "<group>"; };
		3CC9262222991C22001C75CE /* DepthToColorMapConverter.swift */ = {isa = PBXFileReference; lastKnownFileType = sourcecode.swift; path = DepthToColorMapConverter.swift; sourceTree = "<group>"; };
		3CC9262422991C3A001C75CE /* FilterRenderer.swift */ = {isa = PBXFileReference; lastKnownFileType = sourcecode.swift; path = FilterRenderer.swift; sourceTree = "<group>"; };
		3CC92629229922FD001C75CE /* AppML-Bridging-Header.h */ = {isa = PBXFileReference; lastKnownFileType = sourcecode.c.h; path = "AppML-Bridging-Header.h"; sourceTree = "<group>"; };
		3CF5D32E229FFBC50028FCD9 /* PhotoCaptureDelegate.swift */ = {isa = PBXFileReference; fileEncoding = 4; lastKnownFileType = sourcecode.swift; path = PhotoCaptureDelegate.swift; sourceTree = "<group>"; };
		3CF5D330229FFBE20028FCD9 /* CVPixelBuffer+clamp.swift */ = {isa = PBXFileReference; fileEncoding = 4; lastKnownFileType = sourcecode.swift; path = "CVPixelBuffer+clamp.swift"; sourceTree = "<group>"; };
		3CF695AB229FBD3800E4115E /* NeuralNetwork.swift */ = {isa = PBXFileReference; lastKnownFileType = sourcecode.swift; path = NeuralNetwork.swift; sourceTree = "<group>"; };
		3CF695AD229FBD5C00E4115E /* StereoNeuralNetwork.swift */ = {isa = PBXFileReference; lastKnownFileType = sourcecode.swift; path = StereoNeuralNetwork.swift; sourceTree = "<group>"; };
		3CF695B0229FBD7400E4115E /* MonoNeuralNetwork.swift */ = {isa = PBXFileReference; lastKnownFileType = sourcecode.swift; path = MonoNeuralNetwork.swift; sourceTree = "<group>"; };
		3CF695B4229FBED800E4115E /* Pydnet.swift */ = {isa = PBXFileReference; lastKnownFileType = sourcecode.swift; path = Pydnet.swift; sourceTree = "<group>"; };
		3CF695B6229FC38300E4115E /* NeuralNetworks.swift */ = {isa = PBXFileReference; lastKnownFileType = sourcecode.swift; path = NeuralNetworks.swift; sourceTree = "<group>"; };
		3CF695BE229FC54F00E4115E /* NeuralNetworkPickerViewController.swift */ = {isa = PBXFileReference; lastKnownFileType = sourcecode.swift; path = NeuralNetworkPickerViewController.swift; sourceTree = "<group>"; };
		7AA677111CFF765600B353FB /* AppML.app */ = {isa = PBXFileReference; explicitFileType = wrapper.application; includeInIndex = 0; path = AppML.app; sourceTree = BUILT_PRODUCTS_DIR; };
		7AA677141CFF765600B353FB /* AppDelegate.swift */ = {isa = PBXFileReference; lastKnownFileType = sourcecode.swift; path = AppDelegate.swift; sourceTree = "<group>"; };
		7AA677161CFF765600B353FB /* CameraViewController.swift */ = {isa = PBXFileReference; lastKnownFileType = sourcecode.swift; path = CameraViewController.swift; sourceTree = "<group>"; };
		7AA677191CFF765600B353FB /* Base */ = {isa = PBXFileReference; lastKnownFileType = file.storyboard; name = Base; path = Base.lproj/Main.storyboard; sourceTree = "<group>"; };
		7AA6771B1CFF765600B353FB /* Assets.xcassets */ = {isa = PBXFileReference; lastKnownFileType = folder.assetcatalog; path = Assets.xcassets; sourceTree = "<group>"; };
		7AA6771E1CFF765600B353FB /* Base */ = {isa = PBXFileReference; lastKnownFileType = file.storyboard; name = Base; path = Base.lproj/LaunchScreen.storyboard; sourceTree = "<group>"; };
		7AA677201CFF765600B353FB /* Info.plist */ = {isa = PBXFileReference; lastKnownFileType = text.plist.xml; path = Info.plist; sourceTree = "<group>"; };
/* End PBXFileReference section */

/* Begin PBXFrameworksBuildPhase section */
		7AA6770E1CFF765500B353FB /* Frameworks */ = {
			isa = PBXFrameworksBuildPhase;
			buildActionMask = 2147483647;
			files = (
			);
			runOnlyForDeploymentPostprocessing = 0;
		};
/* End PBXFrameworksBuildPhase section */

/* Begin PBXGroup section */
		2563FCD02563FC9000000001 /* Configuration */ = {
			isa = PBXGroup;
			children = (
			);
			name = Configuration;
			sourceTree = "<group>";
		};
		3C8EDBA222A0F9D400B73004 /* NeuralNetworkFromNet */ = {
			isa = PBXGroup;
			children = (
				3C8EDBA322A0FA0700B73004 /* NeuralNetworkFromNetViewController.swift */,
			);
			path = NeuralNetworkFromNet;
			sourceTree = "<group>";
		};
		3CF695AF229FBD6400E4115E /* Model */ = {
			isa = PBXGroup;
			children = (
				3CF695AB229FBD3800E4115E /* NeuralNetwork.swift */,
				3CF695AD229FBD5C00E4115E /* StereoNeuralNetwork.swift */,
				3CF695B0229FBD7400E4115E /* MonoNeuralNetwork.swift */,
			);
			path = Model;
			sourceTree = "<group>";
		};
		3CF695B2229FBEB400E4115E /* NeuralNetworks */ = {
			isa = PBXGroup;
			children = (
				3CF695B6229FC38300E4115E /* NeuralNetworks.swift */,
				3CF695B3229FBECC00E4115E /* Pydnet */,
			);
			path = NeuralNetworks;
			sourceTree = "<group>";
		};
		3CF695B3229FBECC00E4115E /* Pydnet */ = {
			isa = PBXGroup;
			children = (
				3C45960E228ACC4100529D02 /* OptimizedPydnet.mlmodel */,
				3CF695B4229FBED800E4115E /* Pydnet.swift */,
			);
			path = Pydnet;
			sourceTree = "<group>";
		};
		3CF695B8229FC4CE00E4115E /* View */ = {
			isa = PBXGroup;
			children = (
				3C8EDBA222A0F9D400B73004 /* NeuralNetworkFromNet */,
				3CF695BB229FC50E00E4115E /* NeuralNetworkPicker */,
				3CF695B9229FC4DE00E4115E /* Main */,
			);
			path = View;
			sourceTree = "<group>";
		};
		3CF695B9229FC4DE00E4115E /* Main */ = {
			isa = PBXGroup;
			children = (
				7AA677161CFF765600B353FB /* CameraViewController.swift */,
			);
			path = Main;
			sourceTree = "<group>";
		};
		3CF695BA229FC4F700E4115E /* Storyboards */ = {
			isa = PBXGroup;
			children = (
				7AA677181CFF765600B353FB /* Main.storyboard */,
				7AA6771D1CFF765600B353FB /* LaunchScreen.storyboard */,
			);
			path = Storyboards;
			sourceTree = "<group>";
		};
		3CF695BB229FC50E00E4115E /* NeuralNetworkPicker */ = {
			isa = PBXGroup;
			children = (
				3CF695BE229FC54F00E4115E /* NeuralNetworkPickerViewController.swift */,
			);
			path = NeuralNetworkPicker;
			sourceTree = "<group>";
		};
		7AA677081CFF765500B353FB = {
			isa = PBXGroup;
			children = (
				7AA677131CFF765600B353FB /* AppML */,
				7AA677121CFF765600B353FB /* Products */,
				2563FCD02563FC9000000001 /* Configuration */,
			);
			sourceTree = "<group>";
		};
		7AA677121CFF765600B353FB /* Products */ = {
			isa = PBXGroup;
			children = (
				7AA677111CFF765600B353FB /* AppML.app */,
			);
			name = Products;
			sourceTree = "<group>";
		};
		7AA677131CFF765600B353FB /* AppML */ = {
			isa = PBXGroup;
			children = (
				7AA677141CFF765600B353FB /* AppDelegate.swift */,
				3C5C90322299A75800C2E814 /* DepthToColorMap.metal */,
				3CC9262222991C22001C75CE /* DepthToColorMapConverter.swift */,
				3CC92629229922FD001C75CE /* AppML-Bridging-Header.h */,
				3CC9262422991C3A001C75CE /* FilterRenderer.swift */,
				3CF5D32E229FFBC50028FCD9 /* PhotoCaptureDelegate.swift */,
				3CF5D330229FFBE20028FCD9 /* CVPixelBuffer+clamp.swift */,
				3CF695B8229FC4CE00E4115E /* View */,
				3CF695B2229FBEB400E4115E /* NeuralNetworks */,
				3CF695AF229FBD6400E4115E /* Model */,
				3CF695BA229FC4F700E4115E /* Storyboards */,
				7AA6771B1CFF765600B353FB /* Assets.xcassets */,
				7AA677201CFF765600B353FB /* Info.plist */,
			);
			path = AppML;
			sourceTree = "<group>";
		};
/* End PBXGroup section */

/* Begin PBXNativeTarget section */
		7AA677101CFF765500B353FB /* AppML */ = {
			isa = PBXNativeTarget;
			buildConfigurationList = 7AA677231CFF765600B353FB /* Build configuration list for PBXNativeTarget "AppML" */;
			buildPhases = (
				7AA6770D1CFF765500B353FB /* Sources */,
				7AA6770E1CFF765500B353FB /* Frameworks */,
				7AA6770F1CFF765500B353FB /* Resources */,
			);
			buildRules = (
			);
			dependencies = (
			);
			name = AppML;
			productName = AVCam;
			productReference = 7AA677111CFF765600B353FB /* AppML.app */;
			productType = "com.apple.product-type.application";
		};
/* End PBXNativeTarget section */

/* Begin PBXProject section */
		7AA677091CFF765500B353FB /* Project object */ = {
			isa = PBXProject;
			attributes = {
				LastSwiftUpdateCheck = 0800;
				LastUpgradeCheck = 1020;
				ORGANIZATIONNAME = Apple;
				TargetAttributes = {
					7AA677101CFF765500B353FB = {
						CreatedOnToolsVersion = 8.0;
						DevelopmentTeam = TD7S8QYFSY;
						LastSwiftMigration = 1020;
						ProvisioningStyle = Automatic;
					};
				};
			};
			buildConfigurationList = 7AA6770C1CFF765500B353FB /* Build configuration list for PBXProject "AppML" */;
			compatibilityVersion = "Xcode 3.2";
			developmentRegion = en;
			hasScannedForEncodings = 0;
			knownRegions = (
				en,
				Base,
			);
			mainGroup = 7AA677081CFF765500B353FB;
			productRefGroup = 7AA677121CFF765600B353FB /* Products */;
			projectDirPath = "";
			projectRoot = "";
			targets = (
				7AA677101CFF765500B353FB /* AppML */,
			);
		};
/* End PBXProject section */

/* Begin PBXResourcesBuildPhase section */
		7AA6770F1CFF765500B353FB /* Resources */ = {
			isa = PBXResourcesBuildPhase;
			buildActionMask = 2147483647;
			files = (
				7AA6771F1CFF765600B353FB /* LaunchScreen.storyboard in Resources */,
				7AA6771C1CFF765600B353FB /* Assets.xcassets in Resources */,
				7AA6771A1CFF765600B353FB /* Main.storyboard in Resources */,
			);
			runOnlyForDeploymentPostprocessing = 0;
		};
/* End PBXResourcesBuildPhase section */

/* Begin PBXSourcesBuildPhase section */
		7AA6770D1CFF765500B353FB /* Sources */ = {
			isa = PBXSourcesBuildPhase;
			buildActionMask = 2147483647;
			files = (
				3CC9262322991C22001C75CE /* DepthToColorMapConverter.swift in Sources */,
				3CF5D331229FFBE20028FCD9 /* CVPixelBuffer+clamp.swift in Sources */,
				3CF5D32F229FFBC50028FCD9 /* PhotoCaptureDelegate.swift in Sources */,
				3CF695B5229FBED800E4115E /* Pydnet.swift in Sources */,
				3C45960F228ACC4100529D02 /* OptimizedPydnet.mlmodel in Sources */,
				3C5C90332299A75800C2E814 /* DepthToColorMap.metal in Sources */,
				3CF695B1229FBD7400E4115E /* MonoNeuralNetwork.swift in Sources */,
				3CC9262522991C3A001C75CE /* FilterRenderer.swift in Sources */,
				3CF695B7229FC38300E4115E /* NeuralNetworks.swift in Sources */,
				7AA677171CFF765600B353FB /* CameraViewController.swift in Sources */,
				3CF695BF229FC54F00E4115E /* NeuralNetworkPickerViewController.swift in Sources */,
				7AA677151CFF765600B353FB /* AppDelegate.swift in Sources */,
				3CF695AC229FBD3800E4115E /* NeuralNetwork.swift in Sources */,
				3C8EDBA422A0FA0700B73004 /* NeuralNetworkFromNetViewController.swift in Sources */,
				3CF695AE229FBD5C00E4115E /* StereoNeuralNetwork.swift in Sources */,
			);
			runOnlyForDeploymentPostprocessing = 0;
		};
/* End PBXSourcesBuildPhase section */

/* Begin PBXVariantGroup section */
		7AA677181CFF765600B353FB /* Main.storyboard */ = {
			isa = PBXVariantGroup;
			children = (
				7AA677191CFF765600B353FB /* Base */,
			);
			name = Main.storyboard;
			sourceTree = "<group>";
		};
		7AA6771D1CFF765600B353FB /* LaunchScreen.storyboard */ = {
			isa = PBXVariantGroup;
			children = (
				7AA6771E1CFF765600B353FB /* Base */,
			);
			name = LaunchScreen.storyboard;
			sourceTree = "<group>";
		};
/* End PBXVariantGroup section */

/* Begin XCBuildConfiguration section */
		7AA677211CFF765600B353FB /* Debug */ = {
			isa = XCBuildConfiguration;
			buildSettings = {
				ALWAYS_SEARCH_USER_PATHS = NO;
				CLANG_ANALYZER_LOCALIZABILITY_NONLOCALIZED = YES;
				CLANG_ANALYZER_NONNULL = YES;
				CLANG_CXX_LANGUAGE_STANDARD = "gnu++0x";
				CLANG_CXX_LIBRARY = "libc++";
				CLANG_ENABLE_MODULES = YES;
				CLANG_ENABLE_OBJC_ARC = YES;
				CLANG_WARN_BLOCK_CAPTURE_AUTORELEASING = YES;
				CLANG_WARN_BOOL_CONVERSION = YES;
				CLANG_WARN_COMMA = YES;
				CLANG_WARN_CONSTANT_CONVERSION = YES;
				CLANG_WARN_DEPRECATED_OBJC_IMPLEMENTATIONS = YES;
				CLANG_WARN_DIRECT_OBJC_ISA_USAGE = YES_ERROR;
				CLANG_WARN_DOCUMENTATION_COMMENTS = YES;
				CLANG_WARN_EMPTY_BODY = YES;
				CLANG_WARN_ENUM_CONVERSION = YES;
				CLANG_WARN_INFINITE_RECURSION = YES;
				CLANG_WARN_INT_CONVERSION = YES;
				CLANG_WARN_NON_LITERAL_NULL_CONVERSION = YES;
				CLANG_WARN_OBJC_IMPLICIT_RETAIN_SELF = YES;
				CLANG_WARN_OBJC_LITERAL_CONVERSION = YES;
				CLANG_WARN_OBJC_ROOT_CLASS = YES_ERROR;
				CLANG_WARN_RANGE_LOOP_ANALYSIS = YES;
				CLANG_WARN_STRICT_PROTOTYPES = YES;
				CLANG_WARN_SUSPICIOUS_MOVE = YES;
				CLANG_WARN_UNREACHABLE_CODE = YES;
				CLANG_WARN__DUPLICATE_METHOD_MATCH = YES;
				"CODE_SIGN_IDENTITY[sdk=iphoneos*]" = "iPhone Developer";
				COPY_PHASE_STRIP = NO;
				DEBUG_INFORMATION_FORMAT = dwarf;
				ENABLE_STRICT_OBJC_MSGSEND = YES;
				ENABLE_TESTABILITY = YES;
				GCC_C_LANGUAGE_STANDARD = gnu99;
				GCC_DYNAMIC_NO_PIC = NO;
				GCC_NO_COMMON_BLOCKS = YES;
				GCC_OPTIMIZATION_LEVEL = 0;
				GCC_PREPROCESSOR_DEFINITIONS = (
					"DEBUG=1",
					"$(inherited)",
				);
				GCC_WARN_64_TO_32_BIT_CONVERSION = YES;
				GCC_WARN_ABOUT_RETURN_TYPE = YES_ERROR;
				GCC_WARN_UNDECLARED_SELECTOR = YES;
				GCC_WARN_UNINITIALIZED_AUTOS = YES_AGGRESSIVE;
				GCC_WARN_UNUSED_FUNCTION = YES;
				GCC_WARN_UNUSED_VARIABLE = YES;
				IPHONEOS_DEPLOYMENT_TARGET = 12.0;
				MTL_ENABLE_DEBUG_INFO = YES;
				ONLY_ACTIVE_ARCH = YES;
				SDKROOT = iphoneos;
				SWIFT_ACTIVE_COMPILATION_CONDITIONS = DEBUG;
				SWIFT_OPTIMIZATION_LEVEL = "-Onone";
				SWIFT_VERSION = 4.2;
				TARGETED_DEVICE_FAMILY = "1,2";
			};
			name = Debug;
		};
		7AA677221CFF765600B353FB /* Release */ = {
			isa = XCBuildConfiguration;
			buildSettings = {
				ALWAYS_SEARCH_USER_PATHS = NO;
				CLANG_ANALYZER_LOCALIZABILITY_NONLOCALIZED = YES;
				CLANG_ANALYZER_NONNULL = YES;
				CLANG_CXX_LANGUAGE_STANDARD = "gnu++0x";
				CLANG_CXX_LIBRARY = "libc++";
				CLANG_ENABLE_MODULES = YES;
				CLANG_ENABLE_OBJC_ARC = YES;
				CLANG_WARN_BLOCK_CAPTURE_AUTORELEASING = YES;
				CLANG_WARN_BOOL_CONVERSION = YES;
				CLANG_WARN_COMMA = YES;
				CLANG_WARN_CONSTANT_CONVERSION = YES;
				CLANG_WARN_DEPRECATED_OBJC_IMPLEMENTATIONS = YES;
				CLANG_WARN_DIRECT_OBJC_ISA_USAGE = YES_ERROR;
				CLANG_WARN_DOCUMENTATION_COMMENTS = YES;
				CLANG_WARN_EMPTY_BODY = YES;
				CLANG_WARN_ENUM_CONVERSION = YES;
				CLANG_WARN_INFINITE_RECURSION = YES;
				CLANG_WARN_INT_CONVERSION = YES;
				CLANG_WARN_NON_LITERAL_NULL_CONVERSION = YES;
				CLANG_WARN_OBJC_IMPLICIT_RETAIN_SELF = YES;
				CLANG_WARN_OBJC_LITERAL_CONVERSION = YES;
				CLANG_WARN_OBJC_ROOT_CLASS = YES_ERROR;
				CLANG_WARN_RANGE_LOOP_ANALYSIS = YES;
				CLANG_WARN_STRICT_PROTOTYPES = YES;
				CLANG_WARN_SUSPICIOUS_MOVE = YES;
				CLANG_WARN_UNREACHABLE_CODE = YES;
				CLANG_WARN__DUPLICATE_METHOD_MATCH = YES;
				"CODE_SIGN_IDENTITY[sdk=iphoneos*]" = "iPhone Developer";
				COPY_PHASE_STRIP = NO;
				DEBUG_INFORMATION_FORMAT = "dwarf-with-dsym";
				ENABLE_NS_ASSERTIONS = NO;
				ENABLE_STRICT_OBJC_MSGSEND = YES;
				GCC_C_LANGUAGE_STANDARD = gnu99;
				GCC_NO_COMMON_BLOCKS = YES;
				GCC_WARN_64_TO_32_BIT_CONVERSION = YES;
				GCC_WARN_ABOUT_RETURN_TYPE = YES_ERROR;
				GCC_WARN_UNDECLARED_SELECTOR = YES;
				GCC_WARN_UNINITIALIZED_AUTOS = YES_AGGRESSIVE;
				GCC_WARN_UNUSED_FUNCTION = YES;
				GCC_WARN_UNUSED_VARIABLE = YES;
				IPHONEOS_DEPLOYMENT_TARGET = 12.0;
				MTL_ENABLE_DEBUG_INFO = NO;
				SDKROOT = iphoneos;
				SWIFT_OPTIMIZATION_LEVEL = "-Owholemodule";
				SWIFT_VERSION = 4.2;
				TARGETED_DEVICE_FAMILY = "1,2";
				VALIDATE_PRODUCT = YES;
			};
			name = Release;
		};
		7AA677241CFF765600B353FB /* Debug */ = {
			isa = XCBuildConfiguration;
			buildSettings = {
				ASSETCATALOG_COMPILER_APPICON_NAME = AppIcon;
				CLANG_ENABLE_MODULES = YES;
				CODE_SIGN_IDENTITY = "iPhone Developer";
				DEVELOPMENT_TEAM = TD7S8QYFSY;
				INFOPLIST_FILE = AppML/Info.plist;
				IPHONEOS_DEPLOYMENT_TARGET = 12.2;
				LD_RUNPATH_SEARCH_PATHS = "$(inherited) @executable_path/Frameworks";
				PRODUCT_BUNDLE_IDENTIFIER = it.gzaccaroni.AppML;
				PRODUCT_NAME = "$(TARGET_NAME)";
				PROVISIONING_PROFILE_SPECIFIER = "";
				SDKROOT = iphoneos;
				SWIFT_OBJC_BRIDGING_HEADER = "AppML/AppML-Bridging-Header.h";
				SWIFT_OPTIMIZATION_LEVEL = "-Onone";
				SWIFT_VERSION = 4.2;
				TARGETED_DEVICE_FAMILY = "1,2";
			};
			name = Debug;
		};
		7AA677251CFF765600B353FB /* Release */ = {
			isa = XCBuildConfiguration;
			buildSettings = {
				ASSETCATALOG_COMPILER_APPICON_NAME = AppIcon;
				CLANG_ENABLE_MODULES = YES;
				CODE_SIGN_IDENTITY = "iPhone Developer";
				DEVELOPMENT_TEAM = TD7S8QYFSY;
				INFOPLIST_FILE = AppML/Info.plist;
				IPHONEOS_DEPLOYMENT_TARGET = 12.2;
				LD_RUNPATH_SEARCH_PATHS = "$(inherited) @executable_path/Frameworks";
				PRODUCT_BUNDLE_IDENTIFIER = it.gzaccaroni.AppML;
				PRODUCT_NAME = "$(TARGET_NAME)";
				PROVISIONING_PROFILE_SPECIFIER = "";
				SDKROOT = iphoneos;
				SWIFT_OBJC_BRIDGING_HEADER = "AppML/AppML-Bridging-Header.h";
				SWIFT_VERSION = 4.2;
				TARGETED_DEVICE_FAMILY = "1,2";
			};
			name = Release;
		};
/* End XCBuildConfiguration section */

/* Begin XCConfigurationList section */
		7AA6770C1CFF765500B353FB /* Build configuration list for PBXProject "AppML" */ = {
			isa = XCConfigurationList;
			buildConfigurations = (
				7AA677211CFF765600B353FB /* Debug */,
				7AA677221CFF765600B353FB /* Release */,
			);
			defaultConfigurationIsVisible = 0;
			defaultConfigurationName = Release;
		};
		7AA677231CFF765600B353FB /* Build configuration list for PBXNativeTarget "AppML" */ = {
			isa = XCConfigurationList;
			buildConfigurations = (
				7AA677241CFF765600B353FB /* Debug */,
				7AA677251CFF765600B353FB /* Release */,
			);
			defaultConfigurationIsVisible = 0;
			defaultConfigurationName = Release;
		};
/* End XCConfigurationList section */
	};
	rootObject = 7AA677091CFF765500B353FB /* Project object */;
}
