// !$*UTF8*$!
{
	archiveVersion = 1;
	classes = {
	};
	objectVersion = 52;
	objects = {

/* Begin PBXBuildFile section */
		3C04E71122EC943000EA471B /* CoreImage.framework in Frameworks */ = {isa = PBXBuildFile; fileRef = 3C04E71022EC943000EA471B /* CoreImage.framework */; };
		3C04E71322EC943800EA471B /* CoreVideo.framework in Frameworks */ = {isa = PBXBuildFile; fileRef = 3C04E71222EC943800EA471B /* CoreVideo.framework */; };
		3C04E71522EC943C00EA471B /* Accelerate.framework in Frameworks */ = {isa = PBXBuildFile; fileRef = 3C04E71422EC943C00EA471B /* Accelerate.framework */; };
		3C140CA32322CD8F00D27DFD /* RxRelay in Frameworks */ = {isa = PBXBuildFile; productRef = 3C140CA22322CD8F00D27DFD /* RxRelay */; };
		3C140CA52322CD8F00D27DFD /* RxSwift in Frameworks */ = {isa = PBXBuildFile; productRef = 3C140CA42322CD8F00D27DFD /* RxSwift */; };
		3C140CA72322CD8F00D27DFD /* RxCocoa in Frameworks */ = {isa = PBXBuildFile; productRef = 3C140CA62322CD8F00D27DFD /* RxCocoa */; };
		3C31317F2321499A006F9963 /* PreviewMode.swift in Sources */ = {isa = PBXBuildFile; fileRef = 3C31317E2321499A006F9963 /* PreviewMode.swift */; };
		3C44D82B22FEBBE100F57013 /* UIAlertController+Ext.swift in Sources */ = {isa = PBXBuildFile; fileRef = 3C44D82A22FEBBE100F57013 /* UIAlertController+Ext.swift */; };
		3C5C90332299A75800C2E814 /* DepthToColorMap.metal in Sources */ = {isa = PBXBuildFile; fileRef = 3C5C90322299A75800C2E814 /* DepthToColorMap.metal */; };
		3C5EFCCE2320680E004F6F7A /* RxSwiftBidirectionalBinding.swift in Sources */ = {isa = PBXBuildFile; fileRef = 3C5EFCCD2320680E004F6F7A /* RxSwiftBidirectionalBinding.swift */; };
		3C5EFCD02320F208004F6F7A /* UITextView+textColor.swift in Sources */ = {isa = PBXBuildFile; fileRef = 3C5EFCCF2320F208004F6F7A /* UITextView+textColor.swift */; };
		3C6BB34B2322E7E70041D581 /* CVPixelBuffer+createCGImage.swift in Sources */ = {isa = PBXBuildFile; fileRef = 3C6BB34A2322E7E70041D581 /* CVPixelBuffer+createCGImage.swift */; };
		3C6D91E6232132BF008D987C /* MainViewModel.swift in Sources */ = {isa = PBXBuildFile; fileRef = 3C6D91E5232132BF008D987C /* MainViewModel.swift */; };
		3CB56B5C2479566A00143CD8 /* Pydnet.mlmodel in Sources */ = {isa = PBXBuildFile; fileRef = 3CB56B5B2479566A00143CD8 /* Pydnet.mlmodel */; };
		3CC9262322991C22001C75CE /* MetalColorMapApplier.swift in Sources */ = {isa = PBXBuildFile; fileRef = 3CC9262222991C22001C75CE /* MetalColorMapApplier.swift */; };
		3CE77C082325061A00DBAAD5 /* ColorMapApplier.swift in Sources */ = {isa = PBXBuildFile; fileRef = 3CE77C072325061A00DBAAD5 /* ColorMapApplier.swift */; };
		3CEECB0E2486A7FF00535292 /* CameraStream.swift in Sources */ = {isa = PBXBuildFile; fileRef = 3CEECB0A2486A7FF00535292 /* CameraStream.swift */; };
		3CEECB102486A7FF00535292 /* CGImage+CVPixelBuffer.swift in Sources */ = {isa = PBXBuildFile; fileRef = 3CEECB0D2486A7FF00535292 /* CGImage+CVPixelBuffer.swift */; };
		7AA677151CFF765600B353FB /* AppDelegate.swift in Sources */ = {isa = PBXBuildFile; fileRef = 7AA677141CFF765600B353FB /* AppDelegate.swift */; };
		7AA677171CFF765600B353FB /* MainViewController.swift in Sources */ = {isa = PBXBuildFile; fileRef = 7AA677161CFF765600B353FB /* MainViewController.swift */; };
		7AA6771A1CFF765600B353FB /* Main.storyboard in Resources */ = {isa = PBXBuildFile; fileRef = 7AA677181CFF765600B353FB /* Main.storyboard */; };
		7AA6771C1CFF765600B353FB /* Assets.xcassets in Resources */ = {isa = PBXBuildFile; fileRef = 7AA6771B1CFF765600B353FB /* Assets.xcassets */; };
		7AA6771F1CFF765600B353FB /* LaunchScreen.storyboard in Resources */ = {isa = PBXBuildFile; fileRef = 7AA6771D1CFF765600B353FB /* LaunchScreen.storyboard */; };
/* End PBXBuildFile section */

/* Begin PBXFileReference section */
		3C04E71022EC943000EA471B /* CoreImage.framework */ = {isa = PBXFileReference; lastKnownFileType = wrapper.framework; name = CoreImage.framework; path = System/Library/Frameworks/CoreImage.framework; sourceTree = SDKROOT; };
		3C04E71222EC943800EA471B /* CoreVideo.framework */ = {isa = PBXFileReference; lastKnownFileType = wrapper.framework; name = CoreVideo.framework; path = System/Library/Frameworks/CoreVideo.framework; sourceTree = SDKROOT; };
		3C04E71422EC943C00EA471B /* Accelerate.framework */ = {isa = PBXFileReference; lastKnownFileType = wrapper.framework; name = Accelerate.framework; path = System/Library/Frameworks/Accelerate.framework; sourceTree = SDKROOT; };
		3C31317E2321499A006F9963 /* PreviewMode.swift */ = {isa = PBXFileReference; lastKnownFileType = sourcecode.swift; path = PreviewMode.swift; sourceTree = "<group>"; };
		3C44D82A22FEBBE100F57013 /* UIAlertController+Ext.swift */ = {isa = PBXFileReference; lastKnownFileType = sourcecode.swift; path = "UIAlertController+Ext.swift"; sourceTree = "<group>"; };
		3C5C90322299A75800C2E814 /* DepthToColorMap.metal */ = {isa = PBXFileReference; fileEncoding = 4; lastKnownFileType = sourcecode.metal; path = DepthToColorMap.metal; sourceTree = "<group>"; };
		3C5EFCCD2320680E004F6F7A /* RxSwiftBidirectionalBinding.swift */ = {isa = PBXFileReference; lastKnownFileType = sourcecode.swift; path = RxSwiftBidirectionalBinding.swift; sourceTree = "<group>"; };
		3C5EFCCF2320F208004F6F7A /* UITextView+textColor.swift */ = {isa = PBXFileReference; lastKnownFileType = sourcecode.swift; path = "UITextView+textColor.swift"; sourceTree = "<group>"; };
		3C6BB34A2322E7E70041D581 /* CVPixelBuffer+createCGImage.swift */ = {isa = PBXFileReference; fileEncoding = 4; lastKnownFileType = sourcecode.swift; path = "CVPixelBuffer+createCGImage.swift"; sourceTree = "<group>"; };
		3C6D91E5232132BF008D987C /* MainViewModel.swift */ = {isa = PBXFileReference; lastKnownFileType = sourcecode.swift; path = MainViewModel.swift; sourceTree = "<group>"; };
		3CB56B5B2479566A00143CD8 /* Pydnet.mlmodel */ = {isa = PBXFileReference; lastKnownFileType = file.mlmodel; name = Pydnet.mlmodel; path = AppML/Models/Pydnet.mlmodel; sourceTree = SOURCE_ROOT; };
		3CC9262222991C22001C75CE /* MetalColorMapApplier.swift */ = {isa = PBXFileReference; lastKnownFileType = sourcecode.swift; path = MetalColorMapApplier.swift; sourceTree = "<group>"; };
		3CE77C072325061A00DBAAD5 /* ColorMapApplier.swift */ = {isa = PBXFileReference; lastKnownFileType = sourcecode.swift; path = ColorMapApplier.swift; sourceTree = "<group>"; };
		3CEECB0A2486A7FF00535292 /* CameraStream.swift */ = {isa = PBXFileReference; fileEncoding = 4; lastKnownFileType = sourcecode.swift; path = CameraStream.swift; sourceTree = "<group>"; };
		3CEECB0D2486A7FF00535292 /* CGImage+CVPixelBuffer.swift */ = {isa = PBXFileReference; fileEncoding = 4; lastKnownFileType = sourcecode.swift; path = "CGImage+CVPixelBuffer.swift"; sourceTree = "<group>"; };
		7AA677111CFF765600B353FB /* MobilePydnet.app */ = {isa = PBXFileReference; explicitFileType = wrapper.application; includeInIndex = 0; path = MobilePydnet.app; sourceTree = BUILT_PRODUCTS_DIR; };
		7AA677141CFF765600B353FB /* AppDelegate.swift */ = {isa = PBXFileReference; lastKnownFileType = sourcecode.swift; path = AppDelegate.swift; sourceTree = "<group>"; };
		7AA677161CFF765600B353FB /* MainViewController.swift */ = {isa = PBXFileReference; lastKnownFileType = sourcecode.swift; path = MainViewController.swift; sourceTree = "<group>"; };
		7AA677191CFF765600B353FB /* Base */ = {isa = PBXFileReference; lastKnownFileType = file.storyboard; name = Base; path = Base.lproj/Main.storyboard; sourceTree = "<group>"; };
		7AA6771B1CFF765600B353FB /* Assets.xcassets */ = {isa = PBXFileReference; lastKnownFileType = folder.assetcatalog; path = Assets.xcassets; sourceTree = "<group>"; };
		7AA6771E1CFF765600B353FB /* Base */ = {isa = PBXFileReference; lastKnownFileType = file.storyboard; name = Base; path = Base.lproj/LaunchScreen.storyboard; sourceTree = "<group>"; };
		7AA677201CFF765600B353FB /* Info.plist */ = {isa = PBXFileReference; lastKnownFileType = text.plist.xml; path = Info.plist; sourceTree = "<group>"; };
/* End PBXFileReference section */

/* Begin PBXFrameworksBuildPhase section */
		7AA6770E1CFF765500B353FB /* Frameworks */ = {
			isa = PBXFrameworksBuildPhase;
			buildActionMask = 2147483647;
			files = (
				3C140CA52322CD8F00D27DFD /* RxSwift in Frameworks */,
				3C140CA32322CD8F00D27DFD /* RxRelay in Frameworks */,
				3C04E71522EC943C00EA471B /* Accelerate.framework in Frameworks */,
				3C140CA72322CD8F00D27DFD /* RxCocoa in Frameworks */,
				3C04E71122EC943000EA471B /* CoreImage.framework in Frameworks */,
				3C04E71322EC943800EA471B /* CoreVideo.framework in Frameworks */,
			);
			runOnlyForDeploymentPostprocessing = 0;
		};
/* End PBXFrameworksBuildPhase section */

/* Begin PBXGroup section */
		2563FCD02563FC9000000001 /* Configuration */ = {
			isa = PBXGroup;
			children = (
			);
			name = Configuration;
			sourceTree = "<group>";
		};
		3C3FBB7F23225E8800DA8B32 /* UI */ = {
			isa = PBXGroup;
			children = (
				3C44D82A22FEBBE100F57013 /* UIAlertController+Ext.swift */,
			);
			path = UI;
			sourceTree = "<group>";
		};
		3C5EFCC823205F50004F6F7A /* GraphicLayer */ = {
			isa = PBXGroup;
			children = (
				3CE77C072325061A00DBAAD5 /* ColorMapApplier.swift */,
				3CC9262222991C22001C75CE /* MetalColorMapApplier.swift */,
				3C5C90322299A75800C2E814 /* DepthToColorMap.metal */,
			);
			path = GraphicLayer;
			sourceTree = "<group>";
		};
		3C5EFCCB232067F7004F6F7A /* Extensions */ = {
			isa = PBXGroup;
			children = (
				3C6BB3472322E7BD0041D581 /* CV */,
				3C3FBB7F23225E8800DA8B32 /* UI */,
				3C5EFCCC232067FF004F6F7A /* RxSwift */,
			);
			path = Extensions;
			sourceTree = "<group>";
		};
		3C5EFCCC232067FF004F6F7A /* RxSwift */ = {
			isa = PBXGroup;
			children = (
				3C5EFCCD2320680E004F6F7A /* RxSwiftBidirectionalBinding.swift */,
				3C5EFCCF2320F208004F6F7A /* UITextView+textColor.swift */,
			);
			path = RxSwift;
			sourceTree = "<group>";
		};
		3C6BB3442322E7680041D581 /* DefaultNeuralNetworks */ = {
			isa = PBXGroup;
			children = (
				3CB56B5B2479566A00143CD8 /* Pydnet.mlmodel */,
			);
			path = DefaultNeuralNetworks;
			sourceTree = "<group>";
		};
		3C6BB3472322E7BD0041D581 /* CV */ = {
			isa = PBXGroup;
			children = (
				3C6BB34A2322E7E70041D581 /* CVPixelBuffer+createCGImage.swift */,
			);
			path = CV;
			sourceTree = "<group>";
		};
		3CEECB092486A7F100535292 /* CameraLayer */ = {
			isa = PBXGroup;
			children = (
				3CEECB0C2486A7FF00535292 /* Extensions */,
				3CEECB0A2486A7FF00535292 /* CameraStream.swift */,
			);
			path = CameraLayer;
			sourceTree = "<group>";
		};
		3CEECB0C2486A7FF00535292 /* Extensions */ = {
			isa = PBXGroup;
			children = (
				3CEECB0D2486A7FF00535292 /* CGImage+CVPixelBuffer.swift */,
			);
			path = Extensions;
			sourceTree = "<group>";
		};
		3CF695B8229FC4CE00E4115E /* View */ = {
			isa = PBXGroup;
			children = (
				3CF695B9229FC4DE00E4115E /* Main */,
			);
			path = View;
			sourceTree = "<group>";
		};
		3CF695B9229FC4DE00E4115E /* Main */ = {
			isa = PBXGroup;
			children = (
				7AA677161CFF765600B353FB /* MainViewController.swift */,
				3C6D91E5232132BF008D987C /* MainViewModel.swift */,
				3C31317E2321499A006F9963 /* PreviewMode.swift */,
			);
			path = Main;
			sourceTree = "<group>";
		};
		3CF695BA229FC4F700E4115E /* Storyboards */ = {
			isa = PBXGroup;
			children = (
				7AA677181CFF765600B353FB /* Main.storyboard */,
				7AA6771D1CFF765600B353FB /* LaunchScreen.storyboard */,
			);
			path = Storyboards;
			sourceTree = "<group>";
		};
		7AA677081CFF765500B353FB = {
			isa = PBXGroup;
			children = (
				7AA677131CFF765600B353FB /* AppML */,
				7AA677121CFF765600B353FB /* Products */,
				2563FCD02563FC9000000001 /* Configuration */,
				EF473959B157DAEEB0DB064A /* Frameworks */,
			);
			sourceTree = "<group>";
		};
		7AA677121CFF765600B353FB /* Products */ = {
			isa = PBXGroup;
			children = (
				7AA677111CFF765600B353FB /* MobilePydnet.app */,
			);
			name = Products;
			sourceTree = "<group>";
		};
		7AA677131CFF765600B353FB /* AppML */ = {
			isa = PBXGroup;
			children = (
				7AA677141CFF765600B353FB /* AppDelegate.swift */,
				3C6BB3442322E7680041D581 /* DefaultNeuralNetworks */,
				3CEECB092486A7F100535292 /* CameraLayer */,
				3C5EFCC823205F50004F6F7A /* GraphicLayer */,
				3CF695B8229FC4CE00E4115E /* View */,
				3CF695BA229FC4F700E4115E /* Storyboards */,
				3C5EFCCB232067F7004F6F7A /* Extensions */,
				7AA6771B1CFF765600B353FB /* Assets.xcassets */,
				7AA677201CFF765600B353FB /* Info.plist */,
			);
			path = AppML;
			sourceTree = "<group>";
		};
		EF473959B157DAEEB0DB064A /* Frameworks */ = {
			isa = PBXGroup;
			children = (
				3C04E71422EC943C00EA471B /* Accelerate.framework */,
				3C04E71222EC943800EA471B /* CoreVideo.framework */,
				3C04E71022EC943000EA471B /* CoreImage.framework */,
			);
			name = Frameworks;
			sourceTree = "<group>";
		};
/* End PBXGroup section */

/* Begin PBXNativeTarget section */
		7AA677101CFF765500B353FB /* AppML */ = {
			isa = PBXNativeTarget;
			buildConfigurationList = 7AA677231CFF765600B353FB /* Build configuration list for PBXNativeTarget "AppML" */;
			buildPhases = (
				7AA6770D1CFF765500B353FB /* Sources */,
				7AA6770E1CFF765500B353FB /* Frameworks */,
				7AA6770F1CFF765500B353FB /* Resources */,
			);
			buildRules = (
			);
			dependencies = (
			);
			name = AppML;
			packageProductDependencies = (
				3C140CA22322CD8F00D27DFD /* RxRelay */,
				3C140CA42322CD8F00D27DFD /* RxSwift */,
				3C140CA62322CD8F00D27DFD /* RxCocoa */,
			);
			productName = AVCam;
			productReference = 7AA677111CFF765600B353FB /* MobilePydnet.app */;
			productType = "com.apple.product-type.application";
		};
/* End PBXNativeTarget section */

/* Begin PBXProject section */
		7AA677091CFF765500B353FB /* Project object */ = {
			isa = PBXProject;
			attributes = {
				LastSwiftUpdateCheck = 0800;
				LastUpgradeCheck = 1020;
				ORGANIZATIONNAME = Apple;
				TargetAttributes = {
					7AA677101CFF765500B353FB = {
						CreatedOnToolsVersion = 8.0;
						LastSwiftMigration = 1020;
						ProvisioningStyle = Automatic;
					};
				};
			};
			buildConfigurationList = 7AA6770C1CFF765500B353FB /* Build configuration list for PBXProject "AppML" */;
			compatibilityVersion = "Xcode 3.2";
			developmentRegion = en;
			hasScannedForEncodings = 0;
			knownRegions = (
				en,
				Base,
			);
			mainGroup = 7AA677081CFF765500B353FB;
			packageReferences = (
				3C140CA12322CD8F00D27DFD /* XCRemoteSwiftPackageReference "RxSwift" */,
			);
			productRefGroup = 7AA677121CFF765600B353FB /* Products */;
			projectDirPath = "";
			projectRoot = "";
			targets = (
				7AA677101CFF765500B353FB /* AppML */,
			);
		};
/* End PBXProject section */

/* Begin PBXResourcesBuildPhase section */
		7AA6770F1CFF765500B353FB /* Resources */ = {
			isa = PBXResourcesBuildPhase;
			buildActionMask = 2147483647;
			files = (
				7AA6771F1CFF765600B353FB /* LaunchScreen.storyboard in Resources */,
				7AA6771C1CFF765600B353FB /* Assets.xcassets in Resources */,
				7AA6771A1CFF765600B353FB /* Main.storyboard in Resources */,
			);
			runOnlyForDeploymentPostprocessing = 0;
		};
/* End PBXResourcesBuildPhase section */

/* Begin PBXSourcesBuildPhase section */
		7AA6770D1CFF765500B353FB /* Sources */ = {
			isa = PBXSourcesBuildPhase;
			buildActionMask = 2147483647;
			files = (
				3CEECB102486A7FF00535292 /* CGImage+CVPixelBuffer.swift in Sources */,
				3CC9262322991C22001C75CE /* MetalColorMapApplier.swift in Sources */,
				3C5EFCCE2320680E004F6F7A /* RxSwiftBidirectionalBinding.swift in Sources */,
				3CB56B5C2479566A00143CD8 /* Pydnet.mlmodel in Sources */,
				3CEECB0E2486A7FF00535292 /* CameraStream.swift in Sources */,
				3C5EFCD02320F208004F6F7A /* UITextView+textColor.swift in Sources */,
				3C6BB34B2322E7E70041D581 /* CVPixelBuffer+createCGImage.swift in Sources */,
				3C5C90332299A75800C2E814 /* DepthToColorMap.metal in Sources */,
				7AA677171CFF765600B353FB /* MainViewController.swift in Sources */,
				3C31317F2321499A006F9963 /* PreviewMode.swift in Sources */,
				3CE77C082325061A00DBAAD5 /* ColorMapApplier.swift in Sources */,
				7AA677151CFF765600B353FB /* AppDelegate.swift in Sources */,
				3C6D91E6232132BF008D987C /* MainViewModel.swift in Sources */,
				3C44D82B22FEBBE100F57013 /* UIAlertController+Ext.swift in Sources */,
			);
			runOnlyForDeploymentPostprocessing = 0;
		};
/* End PBXSourcesBuildPhase section */

/* Begin PBXVariantGroup section */
		7AA677181CFF765600B353FB /* Main.storyboard */ = {
			isa = PBXVariantGroup;
			children = (
				7AA677191CFF765600B353FB /* Base */,
			);
			name = Main.storyboard;
			sourceTree = "<group>";
		};
		7AA6771D1CFF765600B353FB /* LaunchScreen.storyboard */ = {
			isa = PBXVariantGroup;
			children = (
				7AA6771E1CFF765600B353FB /* Base */,
			);
			name = LaunchScreen.storyboard;
			sourceTree = "<group>";
		};
/* End PBXVariantGroup section */

/* Begin XCBuildConfiguration section */
		7AA677211CFF765600B353FB /* Debug */ = {
			isa = XCBuildConfiguration;
			buildSettings = {
				ALWAYS_SEARCH_USER_PATHS = NO;
				CLANG_ANALYZER_LOCALIZABILITY_NONLOCALIZED = YES;
				CLANG_ANALYZER_NONNULL = YES;
				CLANG_CXX_LANGUAGE_STANDARD = "gnu++0x";
				CLANG_CXX_LIBRARY = "libc++";
				CLANG_ENABLE_MODULES = YES;
				CLANG_ENABLE_OBJC_ARC = YES;
				CLANG_WARN_BLOCK_CAPTURE_AUTORELEASING = YES;
				CLANG_WARN_BOOL_CONVERSION = YES;
				CLANG_WARN_COMMA = YES;
				CLANG_WARN_CONSTANT_CONVERSION = YES;
				CLANG_WARN_DEPRECATED_OBJC_IMPLEMENTATIONS = YES;
				CLANG_WARN_DIRECT_OBJC_ISA_USAGE = YES_ERROR;
				CLANG_WARN_DOCUMENTATION_COMMENTS = YES;
				CLANG_WARN_EMPTY_BODY = YES;
				CLANG_WARN_ENUM_CONVERSION = YES;
				CLANG_WARN_INFINITE_RECURSION = YES;
				CLANG_WARN_INT_CONVERSION = YES;
				CLANG_WARN_NON_LITERAL_NULL_CONVERSION = YES;
				CLANG_WARN_OBJC_IMPLICIT_RETAIN_SELF = YES;
				CLANG_WARN_OBJC_LITERAL_CONVERSION = YES;
				CLANG_WARN_OBJC_ROOT_CLASS = YES_ERROR;
				CLANG_WARN_RANGE_LOOP_ANALYSIS = YES;
				CLANG_WARN_STRICT_PROTOTYPES = YES;
				CLANG_WARN_SUSPICIOUS_MOVE = YES;
				CLANG_WARN_UNREACHABLE_CODE = YES;
				CLANG_WARN__DUPLICATE_METHOD_MATCH = YES;
				"CODE_SIGN_IDENTITY[sdk=iphoneos*]" = "iPhone Developer";
				COPY_PHASE_STRIP = NO;
				DEBUG_INFORMATION_FORMAT = dwarf;
				ENABLE_STRICT_OBJC_MSGSEND = YES;
				ENABLE_TESTABILITY = YES;
				GCC_C_LANGUAGE_STANDARD = gnu99;
				GCC_DYNAMIC_NO_PIC = NO;
				GCC_NO_COMMON_BLOCKS = YES;
				GCC_OPTIMIZATION_LEVEL = 0;
				GCC_PREPROCESSOR_DEFINITIONS = (
					"DEBUG=1",
					"$(inherited)",
				);
				GCC_WARN_64_TO_32_BIT_CONVERSION = YES;
				GCC_WARN_ABOUT_RETURN_TYPE = YES_ERROR;
				GCC_WARN_UNDECLARED_SELECTOR = YES;
				GCC_WARN_UNINITIALIZED_AUTOS = YES_AGGRESSIVE;
				GCC_WARN_UNUSED_FUNCTION = YES;
				GCC_WARN_UNUSED_VARIABLE = YES;
				IPHONEOS_DEPLOYMENT_TARGET = 12.0;
				MTL_ENABLE_DEBUG_INFO = YES;
				ONLY_ACTIVE_ARCH = YES;
				SDKROOT = iphoneos;
				SWIFT_ACTIVE_COMPILATION_CONDITIONS = DEBUG;
				SWIFT_OPTIMIZATION_LEVEL = "-Onone";
				SWIFT_VERSION = 4.2;
				TARGETED_DEVICE_FAMILY = "1,2";
			};
			name = Debug;
		};
		7AA677221CFF765600B353FB /* Release */ = {
			isa = XCBuildConfiguration;
			buildSettings = {
				ALWAYS_SEARCH_USER_PATHS = NO;
				CLANG_ANALYZER_LOCALIZABILITY_NONLOCALIZED = YES;
				CLANG_ANALYZER_NONNULL = YES;
				CLANG_CXX_LANGUAGE_STANDARD = "gnu++0x";
				CLANG_CXX_LIBRARY = "libc++";
				CLANG_ENABLE_MODULES = YES;
				CLANG_ENABLE_OBJC_ARC = YES;
				CLANG_WARN_BLOCK_CAPTURE_AUTORELEASING = YES;
				CLANG_WARN_BOOL_CONVERSION = YES;
				CLANG_WARN_COMMA = YES;
				CLANG_WARN_CONSTANT_CONVERSION = YES;
				CLANG_WARN_DEPRECATED_OBJC_IMPLEMENTATIONS = YES;
				CLANG_WARN_DIRECT_OBJC_ISA_USAGE = YES_ERROR;
				CLANG_WARN_DOCUMENTATION_COMMENTS = YES;
				CLANG_WARN_EMPTY_BODY = YES;
				CLANG_WARN_ENUM_CONVERSION = YES;
				CLANG_WARN_INFINITE_RECURSION = YES;
				CLANG_WARN_INT_CONVERSION = YES;
				CLANG_WARN_NON_LITERAL_NULL_CONVERSION = YES;
				CLANG_WARN_OBJC_IMPLICIT_RETAIN_SELF = YES;
				CLANG_WARN_OBJC_LITERAL_CONVERSION = YES;
				CLANG_WARN_OBJC_ROOT_CLASS = YES_ERROR;
				CLANG_WARN_RANGE_LOOP_ANALYSIS = YES;
				CLANG_WARN_STRICT_PROTOTYPES = YES;
				CLANG_WARN_SUSPICIOUS_MOVE = YES;
				CLANG_WARN_UNREACHABLE_CODE = YES;
				CLANG_WARN__DUPLICATE_METHOD_MATCH = YES;
				"CODE_SIGN_IDENTITY[sdk=iphoneos*]" = "iPhone Developer";
				COPY_PHASE_STRIP = NO;
				DEBUG_INFORMATION_FORMAT = "dwarf-with-dsym";
				ENABLE_NS_ASSERTIONS = NO;
				ENABLE_STRICT_OBJC_MSGSEND = YES;
				GCC_C_LANGUAGE_STANDARD = gnu99;
				GCC_NO_COMMON_BLOCKS = YES;
				GCC_WARN_64_TO_32_BIT_CONVERSION = YES;
				GCC_WARN_ABOUT_RETURN_TYPE = YES_ERROR;
				GCC_WARN_UNDECLARED_SELECTOR = YES;
				GCC_WARN_UNINITIALIZED_AUTOS = YES_AGGRESSIVE;
				GCC_WARN_UNUSED_FUNCTION = YES;
				GCC_WARN_UNUSED_VARIABLE = YES;
				IPHONEOS_DEPLOYMENT_TARGET = 12.0;
				MTL_ENABLE_DEBUG_INFO = NO;
				SDKROOT = iphoneos;
				SWIFT_COMPILATION_MODE = wholemodule;
				SWIFT_OPTIMIZATION_LEVEL = "-O";
				SWIFT_VERSION = 4.2;
				TARGETED_DEVICE_FAMILY = "1,2";
				VALIDATE_PRODUCT = YES;
			};
			name = Release;
		};
		7AA677241CFF765600B353FB /* Debug */ = {
			isa = XCBuildConfiguration;
			buildSettings = {
				ASSETCATALOG_COMPILER_APPICON_NAME = AppIcon;
				CLANG_ENABLE_MODULES = YES;
				CODE_SIGN_IDENTITY = "iPhone Developer";
				CURRENT_PROJECT_VERSION = 1;
				DEAD_CODE_STRIPPING = NO;
				DEVELOPMENT_TEAM = TD7S8QYFSY;
				INFOPLIST_FILE = AppML/Info.plist;
				IPHONEOS_DEPLOYMENT_TARGET = 13.0;
				LD_RUNPATH_SEARCH_PATHS = (
					"$(inherited)",
					"@executable_path/Frameworks",
				);
				LD_VERIFY_BITCODE = NO;
				MARKETING_VERSION = 1.3;
				PRODUCT_BUNDLE_IDENTIFIER = it.filippoaleotti;
				PRODUCT_NAME = MobilePydnet;
				PROVISIONING_PROFILE_SPECIFIER = "";
				SDKROOT = iphoneos;
				SWIFT_OBJC_BRIDGING_HEADER = "";
				SWIFT_OPTIMIZATION_LEVEL = "-Onone";
				SWIFT_VERSION = 5.0;
				TARGETED_DEVICE_FAMILY = "1,2";
			};
			name = Debug;
		};
		7AA677251CFF765600B353FB /* Release */ = {
			isa = XCBuildConfiguration;
			buildSettings = {
				ASSETCATALOG_COMPILER_APPICON_NAME = AppIcon;
				CLANG_ENABLE_MODULES = YES;
				CODE_SIGN_IDENTITY = "iPhone Developer";
				CURRENT_PROJECT_VERSION = 1;
				DEAD_CODE_STRIPPING = NO;
				DEVELOPMENT_TEAM = ZF4U32B6GT;
				INFOPLIST_FILE = AppML/Info.plist;
				IPHONEOS_DEPLOYMENT_TARGET = 13.0;
				LD_RUNPATH_SEARCH_PATHS = (
					"$(inherited)",
					"@executable_path/Frameworks",
				);
				LD_VERIFY_BITCODE = NO;
				MARKETING_VERSION = 1.3;
				PRODUCT_BUNDLE_IDENTIFIER = it.gzaccaroni.mlapp;
				PRODUCT_NAME = MobilePydnet;
				PROVISIONING_PROFILE_SPECIFIER = "";
				SDKROOT = iphoneos;
				SWIFT_OBJC_BRIDGING_HEADER = "";
				SWIFT_VERSION = 5.0;
				TARGETED_DEVICE_FAMILY = "1,2";
			};
			name = Release;
		};
/* End XCBuildConfiguration section */

/* Begin XCConfigurationList section */
		7AA6770C1CFF765500B353FB /* Build configuration list for PBXProject "AppML" */ = {
			isa = XCConfigurationList;
			buildConfigurations = (
				7AA677211CFF765600B353FB /* Debug */,
				7AA677221CFF765600B353FB /* Release */,
			);
			defaultConfigurationIsVisible = 0;
			defaultConfigurationName = Release;
		};
		7AA677231CFF765600B353FB /* Build configuration list for PBXNativeTarget "AppML" */ = {
			isa = XCConfigurationList;
			buildConfigurations = (
				7AA677241CFF765600B353FB /* Debug */,
				7AA677251CFF765600B353FB /* Release */,
			);
			defaultConfigurationIsVisible = 0;
			defaultConfigurationName = Release;
		};
/* End XCConfigurationList section */

/* Begin XCRemoteSwiftPackageReference section */
		3C140CA12322CD8F00D27DFD /* XCRemoteSwiftPackageReference "RxSwift" */ = {
			isa = XCRemoteSwiftPackageReference;
			repositoryURL = "git@github.com:ReactiveX/RxSwift.git";
			requirement = {
				kind = upToNextMajorVersion;
				minimumVersion = 5.0.1;
			};
		};
/* End XCRemoteSwiftPackageReference section */

/* Begin XCSwiftPackageProductDependency section */
		3C140CA22322CD8F00D27DFD /* RxRelay */ = {
			isa = XCSwiftPackageProductDependency;
			package = 3C140CA12322CD8F00D27DFD /* XCRemoteSwiftPackageReference "RxSwift" */;
			productName = RxRelay;
		};
		3C140CA42322CD8F00D27DFD /* RxSwift */ = {
			isa = XCSwiftPackageProductDependency;
			package = 3C140CA12322CD8F00D27DFD /* XCRemoteSwiftPackageReference "RxSwift" */;
			productName = RxSwift;
		};
		3C140CA62322CD8F00D27DFD /* RxCocoa */ = {
			isa = XCSwiftPackageProductDependency;
			package = 3C140CA12322CD8F00D27DFD /* XCRemoteSwiftPackageReference "RxSwift" */;
			productName = RxCocoa;
		};
/* End XCSwiftPackageProductDependency section */
	};
	rootObject = 7AA677091CFF765500B353FB /* Project object */;
}
